
Microsoft Visual Studio Solution File, Format Version 12.00
# Visual Studio 15
VisualStudioVersion = 15.0.27130.2027
MinimumVisualStudioVersion = 10.0.40219.1
Project("{FAE04EC0-301F-11D3-BF4B-00C04F79EFBC}") = "DataTableDemo_2017", "DataTableDemo_2017.csproj", "{D33BB780-C18E-420A-9F38-40689BB6098E}"
EndProject
Global
	GlobalSection(SolutionConfigurationPlatforms) = preSolution
		Debug|Any CPU = Debug|Any CPU
		Release|Any CPU = Release|Any CPU
	EndGlobalSection
	GlobalSection(ProjectConfigurationPlatforms) = postSolution
		{D33BB780-C18E-420A-9F38-40689BB6098E}.Debug|Any CPU.ActiveCfg = Debug|Any CPU
		{D33BB780-C18E-420A-9F38-40689BB6098E}.Debug|Any CPU.Build.0 = Debug|Any CPU
		{D33BB780-C18E-420A-9F38-40689BB6098E}.Release|Any CPU.ActiveCfg = Release|Any CPU
		{D33BB780-C18E-420A-9F38-40689BB6098E}.Release|Any CPU.Build.0 = Release|Any CPU
	EndGlobalSection
	GlobalSection(SolutionProperties) = preSolution
		HideSolutionNode = FALSE
	EndGlobalSection
EndGlobal
